
Microsoft Visual Studio Solution File, Format Version 12.00
# Visual Studio 15
VisualStudioVersion = 15.0.28307.1145
MinimumVisualStudioVersion = 10.0.40219.1
Project("{FAE04EC0-301F-11D3-BF4B-00C04F79EFBC}") = "MemoryGameForm", "MemoryGameForm\MemoryGameForm.csproj", "{44A396A8-CDD7-4706-A2D5-BA7ED92E9F3A}"
EndProject
Project("{2150E333-8FDC-42A3-9474-1A3956D46DE8}") = "Solution Items", "Solution Items", "{767D9A49-9FBB-43EE-BA2B-9723EAA98A64}"
	ProjectSection(SolutionItems) = preProject
		Sumbit.txt = Sumbit.txt
	EndProjectSection
EndProject
Global
	GlobalSection(SolutionConfigurationPlatforms) = preSolution
		Debug|Any CPU = Debug|Any CPU
		Release|Any CPU = Release|Any CPU
	EndGlobalSection
	GlobalSection(ProjectConfigurationPlatforms) = postSolution
		{44A396A8-CDD7-4706-A2D5-BA7ED92E9F3A}.Debug|Any CPU.ActiveCfg = Debug|Any CPU
		{44A396A8-CDD7-4706-A2D5-BA7ED92E9F3A}.Debug|Any CPU.Build.0 = Debug|Any CPU
		{44A396A8-CDD7-4706-A2D5-BA7ED92E9F3A}.Release|Any CPU.ActiveCfg = Release|Any CPU
		{44A396A8-CDD7-4706-A2D5-BA7ED92E9F3A}.Release|Any CPU.Build.0 = Release|Any CPU
	EndGlobalSection
	GlobalSection(SolutionProperties) = preSolution
		HideSolutionNode = FALSE
	EndGlobalSection
	GlobalSection(ExtensibilityGlobals) = postSolution
		SolutionGuid = {3801A9E0-CDFB-44D1-8244-53BA9FFA8916}
	EndGlobalSection
EndGlobal
